
Microsoft Visual Studio Solution File, Format Version 12.00
# Visual Studio Version 17
VisualStudioVersion = 17.6.33815.320
MinimumVisualStudioVersion = 10.0.40219.1
Project("{8BC9CEB8-8B4A-11D0-8D11-00A0C91BC942}") = "Computer_store", "Computer_store\Computer_store.vcxproj", "{EEBDABDF-8444-4DAA-B7F6-D4872C242922}"
EndProject
Global
	GlobalSection(SolutionConfigurationPlatforms) = preSolution
		Debug|x64 = Debug|x64
		Debug|x86 = Debug|x86
		Release|x64 = Release|x64
		Release|x86 = Release|x86
	EndGlobalSection
	GlobalSection(ProjectConfigurationPlatforms) = postSolution
		{EEBDABDF-8444-4DAA-B7F6-D4872C242922}.Debug|x64.ActiveCfg = Debug|x64
		{EEBDABDF-8444-4DAA-B7F6-D4872C242922}.Debug|x64.Build.0 = Debug|x64
		{EEBDABDF-8444-4DAA-B7F6-D4872C242922}.Debug|x86.ActiveCfg = Debug|Win32
		{EEBDABDF-8444-4DAA-B7F6-D4872C242922}.Debug|x86.Build.0 = Debug|Win32
		{EEBDABDF-8444-4DAA-B7F6-D4872C242922}.Release|x64.ActiveCfg = Release|x64
		{EEBDABDF-8444-4DAA-B7F6-D4872C242922}.Release|x64.Build.0 = Release|x64
		{EEBDABDF-8444-4DAA-B7F6-D4872C242922}.Release|x86.ActiveCfg = Release|Win32
		{EEBDABDF-8444-4DAA-B7F6-D4872C242922}.Release|x86.Build.0 = Release|Win32
	EndGlobalSection
	GlobalSection(SolutionProperties) = preSolution
		HideSolutionNode = FALSE
	EndGlobalSection
	GlobalSection(ExtensibilityGlobals) = postSolution
		SolutionGuid = {00292AD8-C135-4F05-82CF-AFD1B8950A8C}
	EndGlobalSection
EndGlobal
